
Microsoft Visual Studio Solution File, Format Version 12.00
# Visual Studio Version 17
VisualStudioVersion = 17.5.002.0
MinimumVisualStudioVersion = 10.0.40219.1
Project("{9A19103F-16F7-4668-BE54-9A1E7A4F7556}") = "A16", "A16.csproj", "{AB0D293C-EFF9-4C62-882A-EC86A6B82B31}"
EndProject
Global
	GlobalSection(SolutionConfigurationPlatforms) = preSolution
		Debug|Any CPU = Debug|Any CPU
		Release|Any CPU = Release|Any CPU
	EndGlobalSection
	GlobalSection(ProjectConfigurationPlatforms) = postSolution
		{AB0D293C-EFF9-4C62-882A-EC86A6B82B31}.Debug|Any CPU.ActiveCfg = Debug|Any CPU
		{AB0D293C-EFF9-4C62-882A-EC86A6B82B31}.Debug|Any CPU.Build.0 = Debug|Any CPU
		{AB0D293C-EFF9-4C62-882A-EC86A6B82B31}.Release|Any CPU.ActiveCfg = Release|Any CPU
		{AB0D293C-EFF9-4C62-882A-EC86A6B82B31}.Release|Any CPU.Build.0 = Release|Any CPU
	EndGlobalSection
	GlobalSection(SolutionProperties) = preSolution
		HideSolutionNode = FALSE
	EndGlobalSection
	GlobalSection(ExtensibilityGlobals) = postSolution
		SolutionGuid = {E4AF8A8F-C44E-495E-AC2F-FC66D3EA350B}
	EndGlobalSection
EndGlobal
